
Microsoft Visual Studio Solution File, Format Version 12.00
# Visual Studio Version 17
VisualStudioVersion = 17.0.31912.275
MinimumVisualStudioVersion = 10.0.40219.1
Project("{FAE04EC0-301F-11D3-BF4B-00C04F79EFBC}") = "Noitooler", "Noitooler\Noitooler.csproj", "{8FB11807-4A0E-452A-92D0-61F2BF1C8012}"
EndProject
Global
	GlobalSection(SolutionConfigurationPlatforms) = preSolution
		Debug|Any CPU = Debug|Any CPU
		Release|Any CPU = Release|Any CPU
	EndGlobalSection
	GlobalSection(ProjectConfigurationPlatforms) = postSolution
		{8FB11807-4A0E-452A-92D0-61F2BF1C8012}.Debug|Any CPU.ActiveCfg = Debug|Any CPU
		{8FB11807-4A0E-452A-92D0-61F2BF1C8012}.Debug|Any CPU.Build.0 = Debug|Any CPU
		{8FB11807-4A0E-452A-92D0-61F2BF1C8012}.Release|Any CPU.ActiveCfg = Release|Any CPU
		{8FB11807-4A0E-452A-92D0-61F2BF1C8012}.Release|Any CPU.Build.0 = Release|Any CPU
	EndGlobalSection
	GlobalSection(SolutionProperties) = preSolution
		HideSolutionNode = FALSE
	EndGlobalSection
	GlobalSection(ExtensibilityGlobals) = postSolution
		SolutionGuid = {7581D85F-C908-476B-B3B5-0598008A4696}
	EndGlobalSection
EndGlobal
